
Microsoft Visual Studio Solution File, Format Version 12.00
# Visual Studio Version 16
VisualStudioVersion = 16.0.31624.102
MinimumVisualStudioVersion = 10.0.40219.1
Project("{9A19103F-16F7-4668-BE54-9A1E7A4F7556}") = "MindboxLib", "MindboxLib\MindboxLib.csproj", "{2FCAE355-BFF1-4E15-824F-FD7F49336B0B}"
EndProject
Project("{FAE04EC0-301F-11D3-BF4B-00C04F79EFBC}") = "MindboxLibTests", "MindboxLibTests\MindboxLibTests.csproj", "{7F500953-AC2E-4FC6-82AC-1A0FB8928902}"
EndProject
Global
	GlobalSection(SolutionConfigurationPlatforms) = preSolution
		Debug|Any CPU = Debug|Any CPU
		Release|Any CPU = Release|Any CPU
	EndGlobalSection
	GlobalSection(ProjectConfigurationPlatforms) = postSolution
		{2FCAE355-BFF1-4E15-824F-FD7F49336B0B}.Debug|Any CPU.ActiveCfg = Debug|Any CPU
		{2FCAE355-BFF1-4E15-824F-FD7F49336B0B}.Debug|Any CPU.Build.0 = Debug|Any CPU
		{2FCAE355-BFF1-4E15-824F-FD7F49336B0B}.Release|Any CPU.ActiveCfg = Release|Any CPU
		{2FCAE355-BFF1-4E15-824F-FD7F49336B0B}.Release|Any CPU.Build.0 = Release|Any CPU
		{7F500953-AC2E-4FC6-82AC-1A0FB8928902}.Debug|Any CPU.ActiveCfg = Debug|Any CPU
		{7F500953-AC2E-4FC6-82AC-1A0FB8928902}.Debug|Any CPU.Build.0 = Debug|Any CPU
		{7F500953-AC2E-4FC6-82AC-1A0FB8928902}.Release|Any CPU.ActiveCfg = Release|Any CPU
		{7F500953-AC2E-4FC6-82AC-1A0FB8928902}.Release|Any CPU.Build.0 = Release|Any CPU
	EndGlobalSection
	GlobalSection(SolutionProperties) = preSolution
		HideSolutionNode = FALSE
	EndGlobalSection
	GlobalSection(ExtensibilityGlobals) = postSolution
		SolutionGuid = {8C1DD5D2-2010-4C1B-B92F-AD9720AD6022}
	EndGlobalSection
EndGlobal
